
Microsoft Visual Studio Solution File, Format Version 12.00
# Visual Studio Version 16
VisualStudioVersion = 16.0.810.6
MinimumVisualStudioVersion = 10.0.40219.1
Project("{FAE04EC0-301F-11D3-BF4B-00C04F79EFBC}") = "RabbitMQExcelApp", "RabbitMQExcelApp\RabbitMQExcelApp.csproj", "{23075529-01CA-430E-A0FC-38B03D5A5FA1}"
EndProject
Project("{FAE04EC0-301F-11D3-BF4B-00C04F79EFBC}") = "Shared", "Shared\Shared.csproj", "{58D22851-534C-495F-B6CD-40994C520EEC}"
EndProject
Global
	GlobalSection(SolutionConfigurationPlatforms) = preSolution
		Debug|Any CPU = Debug|Any CPU
		Release|Any CPU = Release|Any CPU
	EndGlobalSection
	GlobalSection(ProjectConfigurationPlatforms) = postSolution
		{23075529-01CA-430E-A0FC-38B03D5A5FA1}.Debug|Any CPU.ActiveCfg = Debug|Any CPU
		{23075529-01CA-430E-A0FC-38B03D5A5FA1}.Debug|Any CPU.Build.0 = Debug|Any CPU
		{23075529-01CA-430E-A0FC-38B03D5A5FA1}.Release|Any CPU.ActiveCfg = Release|Any CPU
		{23075529-01CA-430E-A0FC-38B03D5A5FA1}.Release|Any CPU.Build.0 = Release|Any CPU
		{58D22851-534C-495F-B6CD-40994C520EEC}.Debug|Any CPU.ActiveCfg = Debug|Any CPU
		{58D22851-534C-495F-B6CD-40994C520EEC}.Debug|Any CPU.Build.0 = Debug|Any CPU
		{58D22851-534C-495F-B6CD-40994C520EEC}.Release|Any CPU.ActiveCfg = Release|Any CPU
		{58D22851-534C-495F-B6CD-40994C520EEC}.Release|Any CPU.Build.0 = Release|Any CPU
	EndGlobalSection
	GlobalSection(SolutionProperties) = preSolution
		HideSolutionNode = FALSE
	EndGlobalSection
	GlobalSection(ExtensibilityGlobals) = postSolution
		SolutionGuid = {BBF81862-9EF9-4FD3-B265-C43F894F9888}
	EndGlobalSection
EndGlobal
